
Microsoft Visual Studio Solution File, Format Version 12.00
# Visual Studio Version 17
VisualStudioVersion = 17.7.34024.191
MinimumVisualStudioVersion = 10.0.40219.1
Project("{888888A0-9F3D-457C-B088-3A5042F75D52}") = "task-5.3", "task-5.3\task-5.3.pyproj", "{DD2E2308-6505-42F8-A37C-CB2E6380D8B8}"
EndProject
Global
	GlobalSection(SolutionConfigurationPlatforms) = preSolution
		Debug|Any CPU = Debug|Any CPU
		Release|Any CPU = Release|Any CPU
	EndGlobalSection
	GlobalSection(ProjectConfigurationPlatforms) = postSolution
		{DD2E2308-6505-42F8-A37C-CB2E6380D8B8}.Debug|Any CPU.ActiveCfg = Debug|Any CPU
		{DD2E2308-6505-42F8-A37C-CB2E6380D8B8}.Release|Any CPU.ActiveCfg = Release|Any CPU
	EndGlobalSection
	GlobalSection(SolutionProperties) = preSolution
		HideSolutionNode = FALSE
	EndGlobalSection
	GlobalSection(ExtensibilityGlobals) = postSolution
		SolutionGuid = {61E1DC4C-543A-47B9-9E1E-40F36DBDACF7}
	EndGlobalSection
EndGlobal
